
Microsoft Visual Studio Solution File, Format Version 12.00
# Visual Studio 15
VisualStudioVersion = 15.0.28307.539
MinimumVisualStudioVersion = 10.0.40219.1
Project("{FAE04EC0-301F-11D3-BF4B-00C04F79EFBC}") = "WindowsFormsApp1", "WindowsFormsApp1\WindowsFormsApp1.csproj", "{ECD02BAE-2A22-4AFA-B204-CF02EDC98E13}"
EndProject
Global
	GlobalSection(SolutionConfigurationPlatforms) = preSolution
		Debug|Any CPU = Debug|Any CPU
		Release|Any CPU = Release|Any CPU
	EndGlobalSection
	GlobalSection(ProjectConfigurationPlatforms) = postSolution
		{ECD02BAE-2A22-4AFA-B204-CF02EDC98E13}.Debug|Any CPU.ActiveCfg = Debug|Any CPU
		{ECD02BAE-2A22-4AFA-B204-CF02EDC98E13}.Debug|Any CPU.Build.0 = Debug|Any CPU
		{ECD02BAE-2A22-4AFA-B204-CF02EDC98E13}.Release|Any CPU.ActiveCfg = Release|Any CPU
		{ECD02BAE-2A22-4AFA-B204-CF02EDC98E13}.Release|Any CPU.Build.0 = Release|Any CPU
	EndGlobalSection
	GlobalSection(SolutionProperties) = preSolution
		HideSolutionNode = FALSE
	EndGlobalSection
	GlobalSection(ExtensibilityGlobals) = postSolution
		SolutionGuid = {6F07E830-6193-442C-8BA6-87A1761FCF37}
	EndGlobalSection
EndGlobal
